
Microsoft Visual Studio Solution File, Format Version 12.00
# Visual Studio 2013
VisualStudioVersion = 12.0.30723.0
MinimumVisualStudioVersion = 10.0.40219.1
Project("{8BC9CEB8-8B4A-11D0-8D11-00A0C91BC942}") = "test", "test.vcxproj", "{A7245B4D-97EB-4E16-B869-5FC2AE20232D}"
EndProject
Project("{8BC9CEB8-8B4A-11D0-8D11-00A0C91BC942}") = "jinlibrary-static", "jinlibrary-static.vcxproj", "{5AD417CA-40D8-4A12-990B-9B8562EF4E57}"
EndProject
Project("{8BC9CEB8-8B4A-11D0-8D11-00A0C91BC942}") = "third-party-static", "third-party-static.vcxproj", "{FAAE3761-9AB1-4DCE-8881-DA1A6A9948A3}"
EndProject
Global
	GlobalSection(SolutionConfigurationPlatforms) = preSolution
		Debug|Win32 = Debug|Win32
		Release|Win32 = Release|Win32
	EndGlobalSection
	GlobalSection(ProjectConfigurationPlatforms) = postSolution
		{A7245B4D-97EB-4E16-B869-5FC2AE20232D}.Debug|Win32.ActiveCfg = Debug|Win32
		{A7245B4D-97EB-4E16-B869-5FC2AE20232D}.Debug|Win32.Build.0 = Debug|Win32
		{A7245B4D-97EB-4E16-B869-5FC2AE20232D}.Release|Win32.ActiveCfg = Release|Win32
		{A7245B4D-97EB-4E16-B869-5FC2AE20232D}.Release|Win32.Build.0 = Release|Win32
		{5AD417CA-40D8-4A12-990B-9B8562EF4E57}.Debug|Win32.ActiveCfg = Debug|Win32
		{5AD417CA-40D8-4A12-990B-9B8562EF4E57}.Debug|Win32.Build.0 = Debug|Win32
		{5AD417CA-40D8-4A12-990B-9B8562EF4E57}.Release|Win32.ActiveCfg = Release|Win32
		{5AD417CA-40D8-4A12-990B-9B8562EF4E57}.Release|Win32.Build.0 = Release|Win32
		{FAAE3761-9AB1-4DCE-8881-DA1A6A9948A3}.Debug|Win32.ActiveCfg = Debug|Win32
		{FAAE3761-9AB1-4DCE-8881-DA1A6A9948A3}.Debug|Win32.Build.0 = Debug|Win32
		{FAAE3761-9AB1-4DCE-8881-DA1A6A9948A3}.Release|Win32.ActiveCfg = Release|Win32
		{FAAE3761-9AB1-4DCE-8881-DA1A6A9948A3}.Release|Win32.Build.0 = Release|Win32
	EndGlobalSection
	GlobalSection(SolutionProperties) = preSolution
		HideSolutionNode = FALSE
	EndGlobalSection
EndGlobal
