<?xml version="1.0" encoding="utf-8"?>
<Project ToolsVersion="4.0" xmlns="http://schemas.microsoft.com/developer/msbuild/2003">
  <ItemGroup>
    <Filter Include="test">
      <UniqueIdentifier>{76d9c60d-4cfc-4553-90b1-5a78efac70a5}</UniqueIdentifier>
    </Filter>
    <Filter Include="test\data">
      <UniqueIdentifier>{9150cde2-e98c-4eba-a12c-c837307505f4}</UniqueIdentifier>
    </Filter>
  </ItemGroup>
  <ItemGroup>
    <ClCompile Include="..\test\main.cpp">
      <Filter>test</Filter>
    </ClCompile>
    <ClCompile Include="..\jin\win\ProcessTest.cpp">
      <Filter>test</Filter>
    </ClCompile>
  </ItemGroup>
  <ItemGroup>
    <Text Include="..\test\data\test-text.txt">
      <Filter>test\data</Filter>
    </Text>
  </ItemGroup>
</Project>